
Microsoft Visual Studio Solution File, Format Version 12.00
# Visual Studio 14
VisualStudioVersion = 14.0.25420.1
MinimumVisualStudioVersion = 10.0.40219.1
Project("{2150E333-8FDC-42A3-9474-1A3956D46DE8}") = "src", "src", "{A6774F8E-DC63-44FA-A993-C70B1795DC76}"
EndProject
Project("{2150E333-8FDC-42A3-9474-1A3956D46DE8}") = "Solution Items", "Solution Items", "{DE088236-2E97-4471-9456-AFA129FAD6F9}"
	ProjectSection(SolutionItems) = preProject
		global.json = global.json
	EndProjectSection
EndProject
Project("{8BB2217D-0F2D-49D1-97BC-3654ED321F3B}") = "Jax", "src\Jax\Jax.xproj", "{E634737A-0471-4D31-A55F-4105E0B5FC8C}"
EndProject
Global
	GlobalSection(SolutionConfigurationPlatforms) = preSolution
		Debug|Any CPU = Debug|Any CPU
		Release|Any CPU = Release|Any CPU
	EndGlobalSection
	GlobalSection(ProjectConfigurationPlatforms) = postSolution
		{E634737A-0471-4D31-A55F-4105E0B5FC8C}.Debug|Any CPU.ActiveCfg = Debug|Any CPU
		{E634737A-0471-4D31-A55F-4105E0B5FC8C}.Debug|Any CPU.Build.0 = Debug|Any CPU
		{E634737A-0471-4D31-A55F-4105E0B5FC8C}.Release|Any CPU.ActiveCfg = Release|Any CPU
		{E634737A-0471-4D31-A55F-4105E0B5FC8C}.Release|Any CPU.Build.0 = Release|Any CPU
	EndGlobalSection
	GlobalSection(SolutionProperties) = preSolution
		HideSolutionNode = FALSE
	EndGlobalSection
	GlobalSection(NestedProjects) = preSolution
		{E634737A-0471-4D31-A55F-4105E0B5FC8C} = {A6774F8E-DC63-44FA-A993-C70B1795DC76}
	EndGlobalSection
EndGlobal
